{
  "name": "server_d",
  "version": "1.0.0",
  "lockfileVersion": 1,
  "requires": true,
  "dependencies": {
    "docxtemplater": {
      "version": "3.9.6",
      "resolved": "https://registry.npmjs.org/docxtemplater/-/docxtemplater-3.9.6.tgz",
      "integrity": "sha512-745WBeA75UIeeoT2kSqx/Lp0UwRw0zkJpzRO8fMVWK0HTsTGm/6DOEwbsF3PqfMungvtsHYRKjxgdziKRm89Bw==",
      "dev": true,
      "requires": {
        "xmldom": "^0.1.27"
      }
    },
    "generate-docx": {
      "version": "2.1.1",
      "resolved": "https://registry.npmjs.org/generate-docx/-/generate-docx-2.1.1.tgz",
      "integrity": "sha512-/XaeasppP5NoEf/jL6faMVke6AuP3dLlyzN3NdzQxr4QHUbzt2hc7LgVGAy2DgFxtVQNic7NHTHA4+eCwRv+VA==",
      "dev": true,
      "requires": {
        "docxtemplater": "3.9.6",
        "jszip": "2.6.1"
      }
    },
    "jszip": {
      "version": "2.6.1",
      "resolved": "https://registry.npmjs.org/jszip/-/jszip-2.6.1.tgz",
      "integrity": "sha1-uI86ey5noqBIFSmCx6N1bZxIKPA=",
      "dev": true,
      "requires": {
        "pako": "~1.0.2"
      }
    },
    "pako": {
      "version": "1.0.10",
      "resolved": "https://registry.npmjs.org/pako/-/pako-1.0.10.tgz",
      "integrity": "sha512-0DTvPVU3ed8+HNXOu5Bs+o//Mbdj9VNQMUOe9oKCwh8l0GNwpTDMKCWbRjgtD291AWnkAgkqA/LOnQS8AmS1tw==",
      "dev": true
    },
    "xmldom": {
      "version": "0.1.27",
      "resolved": "https://registry.npmjs.org/xmldom/-/xmldom-0.1.27.tgz",
      "integrity": "sha1-1QH5ezvbQDr4757MIFcxh6rawOk=",
      "dev": true
    }
  }
}
